
Microsoft Visual Studio Solution File, Format Version 12.00
# Visual Studio 15
VisualStudioVersion = 15.0.28307.489
MinimumVisualStudioVersion = 10.0.40219.1
Project("{8BC9CEB8-8B4A-11D0-8D11-00A0C91BC942}") = "Watershead", "Watershead.vcxproj", "{290B1D69-5F0E-4AAB-8F1D-98BB70321D97}"
EndProject
Global
	GlobalSection(SolutionConfigurationPlatforms) = preSolution
		Debug|x64 = Debug|x64
		Debug|x86 = Debug|x86
		Release|x64 = Release|x64
		Release|x86 = Release|x86
	EndGlobalSection
	GlobalSection(ProjectConfigurationPlatforms) = postSolution
		{290B1D69-5F0E-4AAB-8F1D-98BB70321D97}.Debug|x64.ActiveCfg = Debug|x64
		{290B1D69-5F0E-4AAB-8F1D-98BB70321D97}.Debug|x64.Build.0 = Debug|x64
		{290B1D69-5F0E-4AAB-8F1D-98BB70321D97}.Debug|x86.ActiveCfg = Debug|Win32
		{290B1D69-5F0E-4AAB-8F1D-98BB70321D97}.Debug|x86.Build.0 = Debug|Win32
		{290B1D69-5F0E-4AAB-8F1D-98BB70321D97}.Release|x64.ActiveCfg = Release|x64
		{290B1D69-5F0E-4AAB-8F1D-98BB70321D97}.Release|x64.Build.0 = Release|x64
		{290B1D69-5F0E-4AAB-8F1D-98BB70321D97}.Release|x86.ActiveCfg = Release|Win32
		{290B1D69-5F0E-4AAB-8F1D-98BB70321D97}.Release|x86.Build.0 = Release|Win32
	EndGlobalSection
	GlobalSection(SolutionProperties) = preSolution
		HideSolutionNode = FALSE
	EndGlobalSection
	GlobalSection(ExtensibilityGlobals) = postSolution
		SolutionGuid = {E5A10A66-7E61-47A5-A73E-A0129DCACAEE}
	EndGlobalSection
EndGlobal
